// !$*UTF8*$!
{
	archiveVersion = 1;
	classes = {
	};
	objectVersion = 55;
	objects = {

/* Begin PBXBuildFile section */
		A7785C6C27AE993000A4F257 /* KeychainWrapper.swift in Sources */ = {isa = PBXBuildFile; fileRef = A7785C6B27AE993000A4F257 /* KeychainWrapper.swift */; };
		A7785C6D27AE993000A4F257 /* KeychainWrapper.swift in Sources */ = {isa = PBXBuildFile; fileRef = A7785C6B27AE993000A4F257 /* KeychainWrapper.swift */; };
		A7785C6F27AECCE500A4F257 /* LoginView.swift in Sources */ = {isa = PBXBuildFile; fileRef = A7785C6E27AECCE500A4F257 /* LoginView.swift */; };
		A7785C7027AECCE500A4F257 /* LoginView.swift in Sources */ = {isa = PBXBuildFile; fileRef = A7785C6E27AECCE500A4F257 /* LoginView.swift */; };
		A7B4CFE127ABF18700B15D20 /* BewerberAufgabeApp.swift in Sources */ = {isa = PBXBuildFile; fileRef = A7B4CFD127ABF18600B15D20 /* BewerberAufgabeApp.swift */; };
		A7B4CFE227ABF18700B15D20 /* BewerberAufgabeApp.swift in Sources */ = {isa = PBXBuildFile; fileRef = A7B4CFD127ABF18600B15D20 /* BewerberAufgabeApp.swift */; };
		A7B4CFE327ABF18700B15D20 /* ContentView.swift in Sources */ = {isa = PBXBuildFile; fileRef = A7B4CFD227ABF18600B15D20 /* ContentView.swift */; };
		A7B4CFE427ABF18700B15D20 /* ContentView.swift in Sources */ = {isa = PBXBuildFile; fileRef = A7B4CFD227ABF18600B15D20 /* ContentView.swift */; };
		A7B4CFE527ABF18700B15D20 /* Assets.xcassets in Resources */ = {isa = PBXBuildFile; fileRef = A7B4CFD327ABF18700B15D20 /* Assets.xcassets */; };
		A7B4CFE627ABF18700B15D20 /* Assets.xcassets in Resources */ = {isa = PBXBuildFile; fileRef = A7B4CFD327ABF18700B15D20 /* Assets.xcassets */; };
		A7B4CFF327ABF1BF00B15D20 /* DialView.swift in Sources */ = {isa = PBXBuildFile; fileRef = A7B4CFF227ABF1BF00B15D20 /* DialView.swift */; };
		A7B4CFF427ABF1BF00B15D20 /* DialView.swift in Sources */ = {isa = PBXBuildFile; fileRef = A7B4CFF227ABF1BF00B15D20 /* DialView.swift */; };
		A7B4CFF927ABF20000B15D20 /* AddressBookView.swift in Sources */ = {isa = PBXBuildFile; fileRef = A7B4CFF827ABF20000B15D20 /* AddressBookView.swift */; };
		A7B4CFFA27ABF20000B15D20 /* AddressBookView.swift in Sources */ = {isa = PBXBuildFile; fileRef = A7B4CFF827ABF20000B15D20 /* AddressBookView.swift */; };
/* End PBXBuildFile section */

/* Begin PBXFileReference section */
		A7785C6B27AE993000A4F257 /* KeychainWrapper.swift */ = {isa = PBXFileReference; lastKnownFileType = sourcecode.swift; path = KeychainWrapper.swift; sourceTree = "<group>"; };
		A7785C6E27AECCE500A4F257 /* LoginView.swift */ = {isa = PBXFileReference; lastKnownFileType = sourcecode.swift; path = LoginView.swift; sourceTree = "<group>"; };
		A7B4CFD127ABF18600B15D20 /* BewerberAufgabeApp.swift */ = {isa = PBXFileReference; lastKnownFileType = sourcecode.swift; path = BewerberAufgabeApp.swift; sourceTree = "<group>"; };
		A7B4CFD227ABF18600B15D20 /* ContentView.swift */ = {isa = PBXFileReference; lastKnownFileType = sourcecode.swift; path = ContentView.swift; sourceTree = "<group>"; };
		A7B4CFD327ABF18700B15D20 /* Assets.xcassets */ = {isa = PBXFileReference; lastKnownFileType = folder.assetcatalog; path = Assets.xcassets; sourceTree = "<group>"; };
		A7B4CFD827ABF18700B15D20 /* BewerberAufgabe.app */ = {isa = PBXFileReference; explicitFileType = wrapper.application; includeInIndex = 0; path = BewerberAufgabe.app; sourceTree = BUILT_PRODUCTS_DIR; };
		A7B4CFDE27ABF18700B15D20 /* BewerberAufgabe.app */ = {isa = PBXFileReference; explicitFileType = wrapper.application; includeInIndex = 0; path = BewerberAufgabe.app; sourceTree = BUILT_PRODUCTS_DIR; };
		A7B4CFE027ABF18700B15D20 /* macOS.entitlements */ = {isa = PBXFileReference; lastKnownFileType = text.plist.entitlements; path = macOS.entitlements; sourceTree = "<group>"; };
		A7B4CFF227ABF1BF00B15D20 /* DialView.swift */ = {isa = PBXFileReference; lastKnownFileType = sourcecode.swift; path = DialView.swift; sourceTree = "<group>"; };
		A7B4CFF827ABF20000B15D20 /* AddressBookView.swift */ = {isa = PBXFileReference; lastKnownFileType = sourcecode.swift; path = AddressBookView.swift; sourceTree = "<group>"; };
/* End PBXFileReference section */

/* Begin PBXFrameworksBuildPhase section */
		A7B4CFD527ABF18700B15D20 /* Frameworks */ = {
			isa = PBXFrameworksBuildPhase;
			buildActionMask = 2147483647;
			files = (
			);
			runOnlyForDeploymentPostprocessing = 0;
		};
		A7B4CFDB27ABF18700B15D20 /* Frameworks */ = {
			isa = PBXFrameworksBuildPhase;
			buildActionMask = 2147483647;
			files = (
			);
			runOnlyForDeploymentPostprocessing = 0;
		};
/* End PBXFrameworksBuildPhase section */

/* Begin PBXGroup section */
		A7B4CFCB27ABF18600B15D20 = {
			isa = PBXGroup;
			children = (
				A7B4CFD027ABF18600B15D20 /* Shared */,
				A7B4CFDF27ABF18700B15D20 /* macOS */,
				A7B4CFD927ABF18700B15D20 /* Products */,
			);
			sourceTree = "<group>";
		};
		A7B4CFD027ABF18600B15D20 /* Shared */ = {
			isa = PBXGroup;
			children = (
				A7B4CFD127ABF18600B15D20 /* BewerberAufgabeApp.swift */,
				A7B4CFD227ABF18600B15D20 /* ContentView.swift */,
				A7B4CFF227ABF1BF00B15D20 /* DialView.swift */,
				A7B4CFF827ABF20000B15D20 /* AddressBookView.swift */,
				A7B4CFD327ABF18700B15D20 /* Assets.xcassets */,
				A7785C6B27AE993000A4F257 /* KeychainWrapper.swift */,
				A7785C6E27AECCE500A4F257 /* LoginView.swift */,
			);
			path = Shared;
			sourceTree = "<group>";
		};
		A7B4CFD927ABF18700B15D20 /* Products */ = {
			isa = PBXGroup;
			children = (
				A7B4CFD827ABF18700B15D20 /* BewerberAufgabe.app */,
				A7B4CFDE27ABF18700B15D20 /* BewerberAufgabe.app */,
			);
			name = Products;
			sourceTree = "<group>";
		};
		A7B4CFDF27ABF18700B15D20 /* macOS */ = {
			isa = PBXGroup;
			children = (
				A7B4CFE027ABF18700B15D20 /* macOS.entitlements */,
			);
			path = macOS;
			sourceTree = "<group>";
		};
/* End PBXGroup section */

/* Begin PBXNativeTarget section */
		A7B4CFD727ABF18700B15D20 /* BewerberAufgabe (iOS) */ = {
			isa = PBXNativeTarget;
			buildConfigurationList = A7B4CFE927ABF18700B15D20 /* Build configuration list for PBXNativeTarget "BewerberAufgabe (iOS)" */;
			buildPhases = (
				A7B4CFD427ABF18700B15D20 /* Sources */,
				A7B4CFD527ABF18700B15D20 /* Frameworks */,
				A7B4CFD627ABF18700B15D20 /* Resources */,
			);
			buildRules = (
			);
			dependencies = (
			);
			name = "BewerberAufgabe (iOS)";
			productName = "BewerberAufgabe (iOS)";
			productReference = A7B4CFD827ABF18700B15D20 /* BewerberAufgabe.app */;
			productType = "com.apple.product-type.application";
		};
		A7B4CFDD27ABF18700B15D20 /* BewerberAufgabe (macOS) */ = {
			isa = PBXNativeTarget;
			buildConfigurationList = A7B4CFEC27ABF18700B15D20 /* Build configuration list for PBXNativeTarget "BewerberAufgabe (macOS)" */;
			buildPhases = (
				A7B4CFDA27ABF18700B15D20 /* Sources */,
				A7B4CFDB27ABF18700B15D20 /* Frameworks */,
				A7B4CFDC27ABF18700B15D20 /* Resources */,
			);
			buildRules = (
			);
			dependencies = (
			);
			name = "BewerberAufgabe (macOS)";
			productName = "BewerberAufgabe (macOS)";
			productReference = A7B4CFDE27ABF18700B15D20 /* BewerberAufgabe.app */;
			productType = "com.apple.product-type.application";
		};
/* End PBXNativeTarget section */

/* Begin PBXProject section */
		A7B4CFCC27ABF18600B15D20 /* Project object */ = {
			isa = PBXProject;
			attributes = {
				BuildIndependentTargetsInParallel = 1;
				LastSwiftUpdateCheck = 1320;
				LastUpgradeCheck = 1320;
				TargetAttributes = {
					A7B4CFD727ABF18700B15D20 = {
						CreatedOnToolsVersion = 13.2.1;
					};
					A7B4CFDD27ABF18700B15D20 = {
						CreatedOnToolsVersion = 13.2.1;
					};
				};
			};
			buildConfigurationList = A7B4CFCF27ABF18600B15D20 /* Build configuration list for PBXProject "BewerberAufgabe" */;
			compatibilityVersion = "Xcode 13.0";
			developmentRegion = en;
			hasScannedForEncodings = 0;
			knownRegions = (
				en,
				Base,
			);
			mainGroup = A7B4CFCB27ABF18600B15D20;
			productRefGroup = A7B4CFD927ABF18700B15D20 /* Products */;
			projectDirPath = "";
			projectRoot = "";
			targets = (
				A7B4CFD727ABF18700B15D20 /* BewerberAufgabe (iOS) */,
				A7B4CFDD27ABF18700B15D20 /* BewerberAufgabe (macOS) */,
			);
		};
/* End PBXProject section */

/* Begin PBXResourcesBuildPhase section */
		A7B4CFD627ABF18700B15D20 /* Resources */ = {
			isa = PBXResourcesBuildPhase;
			buildActionMask = 2147483647;
			files = (
				A7B4CFE527ABF18700B15D20 /* Assets.xcassets in Resources */,
			);
			runOnlyForDeploymentPostprocessing = 0;
		};
		A7B4CFDC27ABF18700B15D20 /* Resources */ = {
			isa = PBXResourcesBuildPhase;
			buildActionMask = 2147483647;
			files = (
				A7B4CFE627ABF18700B15D20 /* Assets.xcassets in Resources */,
			);
			runOnlyForDeploymentPostprocessing = 0;
		};
/* End PBXResourcesBuildPhase section */

/* Begin PBXSourcesBuildPhase section */
		A7B4CFD427ABF18700B15D20 /* Sources */ = {
			isa = PBXSourcesBuildPhase;
			buildActionMask = 2147483647;
			files = (
				A7785C6F27AECCE500A4F257 /* LoginView.swift in Sources */,
				A7B4CFF927ABF20000B15D20 /* AddressBookView.swift in Sources */,
				A7B4CFE327ABF18700B15D20 /* ContentView.swift in Sources */,
				A7B4CFF327ABF1BF00B15D20 /* DialView.swift in Sources */,
				A7B4CFE127ABF18700B15D20 /* BewerberAufgabeApp.swift in Sources */,
				A7785C6C27AE993000A4F257 /* KeychainWrapper.swift in Sources */,
			);
			runOnlyForDeploymentPostprocessing = 0;
		};
		A7B4CFDA27ABF18700B15D20 /* Sources */ = {
			isa = PBXSourcesBuildPhase;
			buildActionMask = 2147483647;
			files = (
				A7785C7027AECCE500A4F257 /* LoginView.swift in Sources */,
				A7B4CFFA27ABF20000B15D20 /* AddressBookView.swift in Sources */,
				A7B4CFE427ABF18700B15D20 /* ContentView.swift in Sources */,
				A7B4CFF427ABF1BF00B15D20 /* DialView.swift in Sources */,
				A7B4CFE227ABF18700B15D20 /* BewerberAufgabeApp.swift in Sources */,
				A7785C6D27AE993000A4F257 /* KeychainWrapper.swift in Sources */,
			);
			runOnlyForDeploymentPostprocessing = 0;
		};
/* End PBXSourcesBuildPhase section */

/* Begin XCBuildConfiguration section */
		A7B4CFE727ABF18700B15D20 /* Debug */ = {
			isa = XCBuildConfiguration;
			buildSettings = {
				ALWAYS_SEARCH_USER_PATHS = NO;
				CLANG_ANALYZER_NONNULL = YES;
				CLANG_ANALYZER_NUMBER_OBJECT_CONVERSION = YES_AGGRESSIVE;
				CLANG_CXX_LANGUAGE_STANDARD = "gnu++17";
				CLANG_CXX_LIBRARY = "libc++";
				CLANG_ENABLE_MODULES = YES;
				CLANG_ENABLE_OBJC_ARC = YES;
				CLANG_ENABLE_OBJC_WEAK = YES;
				CLANG_WARN_BLOCK_CAPTURE_AUTORELEASING = YES;
				CLANG_WARN_BOOL_CONVERSION = YES;
				CLANG_WARN_COMMA = YES;
				CLANG_WARN_CONSTANT_CONVERSION = YES;
				CLANG_WARN_DEPRECATED_OBJC_IMPLEMENTATIONS = YES;
				CLANG_WARN_DIRECT_OBJC_ISA_USAGE = YES_ERROR;
				CLANG_WARN_DOCUMENTATION_COMMENTS = YES;
				CLANG_WARN_EMPTY_BODY = YES;
				CLANG_WARN_ENUM_CONVERSION = YES;
				CLANG_WARN_INFINITE_RECURSION = YES;
				CLANG_WARN_INT_CONVERSION = YES;
				CLANG_WARN_NON_LITERAL_NULL_CONVERSION = YES;
				CLANG_WARN_OBJC_IMPLICIT_RETAIN_SELF = YES;
				CLANG_WARN_OBJC_LITERAL_CONVERSION = YES;
				CLANG_WARN_OBJC_ROOT_CLASS = YES_ERROR;
				CLANG_WARN_QUOTED_INCLUDE_IN_FRAMEWORK_HEADER = YES;
				CLANG_WARN_RANGE_LOOP_ANALYSIS = YES;
				CLANG_WARN_STRICT_PROTOTYPES = YES;
				CLANG_WARN_SUSPICIOUS_MOVE = YES;
				CLANG_WARN_UNGUARDED_AVAILABILITY = YES_AGGRESSIVE;
				CLANG_WARN_UNREACHABLE_CODE = YES;
				CLANG_WARN__DUPLICATE_METHOD_MATCH = YES;
				COPY_PHASE_STRIP = NO;
				DEBUG_INFORMATION_FORMAT = dwarf;
				ENABLE_STRICT_OBJC_MSGSEND = YES;
				ENABLE_TESTABILITY = YES;
				GCC_C_LANGUAGE_STANDARD = gnu11;
				GCC_DYNAMIC_NO_PIC = NO;
				GCC_NO_COMMON_BLOCKS = YES;
				GCC_OPTIMIZATION_LEVEL = 0;
				GCC_PREPROCESSOR_DEFINITIONS = (
					"DEBUG=1",
					"$(inherited)",
				);
				GCC_WARN_64_TO_32_BIT_CONVERSION = YES;
				GCC_WARN_ABOUT_RETURN_TYPE = YES_ERROR;
				GCC_WARN_UNDECLARED_SELECTOR = YES;
				GCC_WARN_UNINITIALIZED_AUTOS = YES_AGGRESSIVE;
				GCC_WARN_UNUSED_FUNCTION = YES;
				GCC_WARN_UNUSED_VARIABLE = YES;
				MTL_ENABLE_DEBUG_INFO = INCLUDE_SOURCE;
				MTL_FAST_MATH = YES;
				ONLY_ACTIVE_ARCH = YES;
				SWIFT_ACTIVE_COMPILATION_CONDITIONS = DEBUG;
				SWIFT_OPTIMIZATION_LEVEL = "-Onone";
			};
			name = Debug;
		};
		A7B4CFE827ABF18700B15D20 /* Release */ = {
			isa = XCBuildConfiguration;
			buildSettings = {
				ALWAYS_SEARCH_USER_PATHS = NO;
				CLANG_ANALYZER_NONNULL = YES;
				CLANG_ANALYZER_NUMBER_OBJECT_CONVERSION = YES_AGGRESSIVE;
				CLANG_CXX_LANGUAGE_STANDARD = "gnu++17";
				CLANG_CXX_LIBRARY = "libc++";
				CLANG_ENABLE_MODULES = YES;
				CLANG_ENABLE_OBJC_ARC = YES;
				CLANG_ENABLE_OBJC_WEAK = YES;
				CLANG_WARN_BLOCK_CAPTURE_AUTORELEASING = YES;
				CLANG_WARN_BOOL_CONVERSION = YES;
				CLANG_WARN_COMMA = YES;
				CLANG_WARN_CONSTANT_CONVERSION = YES;
				CLANG_WARN_DEPRECATED_OBJC_IMPLEMENTATIONS = YES;
				CLANG_WARN_DIRECT_OBJC_ISA_USAGE = YES_ERROR;
				CLANG_WARN_DOCUMENTATION_COMMENTS = YES;
				CLANG_WARN_EMPTY_BODY = YES;
				CLANG_WARN_ENUM_CONVERSION = YES;
				CLANG_WARN_INFINITE_RECURSION = YES;
				CLANG_WARN_INT_CONVERSION = YES;
				CLANG_WARN_NON_LITERAL_NULL_CONVERSION = YES;
				CLANG_WARN_OBJC_IMPLICIT_RETAIN_SELF = YES;
				CLANG_WARN_OBJC_LITERAL_CONVERSION = YES;
				CLANG_WARN_OBJC_ROOT_CLASS = YES_ERROR;
				CLANG_WARN_QUOTED_INCLUDE_IN_FRAMEWORK_HEADER = YES;
				CLANG_WARN_RANGE_LOOP_ANALYSIS = YES;
				CLANG_WARN_STRICT_PROTOTYPES = YES;
				CLANG_WARN_SUSPICIOUS_MOVE = YES;
				CLANG_WARN_UNGUARDED_AVAILABILITY = YES_AGGRESSIVE;
				CLANG_WARN_UNREACHABLE_CODE = YES;
				CLANG_WARN__DUPLICATE_METHOD_MATCH = YES;
				COPY_PHASE_STRIP = NO;
				DEBUG_INFORMATION_FORMAT = "dwarf-with-dsym";
				ENABLE_NS_ASSERTIONS = NO;
				ENABLE_STRICT_OBJC_MSGSEND = YES;
				GCC_C_LANGUAGE_STANDARD = gnu11;
				GCC_NO_COMMON_BLOCKS = YES;
				GCC_WARN_64_TO_32_BIT_CONVERSION = YES;
				GCC_WARN_ABOUT_RETURN_TYPE = YES_ERROR;
				GCC_WARN_UNDECLARED_SELECTOR = YES;
				GCC_WARN_UNINITIALIZED_AUTOS = YES_AGGRESSIVE;
				GCC_WARN_UNUSED_FUNCTION = YES;
				GCC_WARN_UNUSED_VARIABLE = YES;
				MTL_ENABLE_DEBUG_INFO = NO;
				MTL_FAST_MATH = YES;
				SWIFT_COMPILATION_MODE = wholemodule;
				SWIFT_OPTIMIZATION_LEVEL = "-O";
			};
			name = Release;
		};
		A7B4CFEA27ABF18700B15D20 /* Debug */ = {
			isa = XCBuildConfiguration;
			buildSettings = {
				ASSETCATALOG_COMPILER_APPICON_NAME = AppIcon;
				ASSETCATALOG_COMPILER_GLOBAL_ACCENT_COLOR_NAME = AccentColor;
				CODE_SIGN_STYLE = Automatic;
				CURRENT_PROJECT_VERSION = 1;
				DEVELOPMENT_TEAM = AWJ83G3EPY;
				ENABLE_PREVIEWS = YES;
				GENERATE_INFOPLIST_FILE = YES;
				INFOPLIST_KEY_UIApplicationSceneManifest_Generation = YES;
				INFOPLIST_KEY_UIApplicationSupportsIndirectInputEvents = YES;
				INFOPLIST_KEY_UILaunchScreen_Generation = YES;
				INFOPLIST_KEY_UISupportedInterfaceOrientations_iPad = "UIInterfaceOrientationPortrait UIInterfaceOrientationPortraitUpsideDown UIInterfaceOrientationLandscapeLeft UIInterfaceOrientationLandscapeRight";
				INFOPLIST_KEY_UISupportedInterfaceOrientations_iPhone = "UIInterfaceOrientationPortrait UIInterfaceOrientationLandscapeLeft UIInterfaceOrientationLandscapeRight";
				IPHONEOS_DEPLOYMENT_TARGET = 15.2;
				LD_RUNPATH_SEARCH_PATHS = (
					"$(inherited)",
					"@executable_path/Frameworks",
				);
				MARKETING_VERSION = 1.0;
				PRODUCT_BUNDLE_IDENTIFIER = "de.oliver-epper.BewerberAufgabe";
				PRODUCT_NAME = BewerberAufgabe;
				SDKROOT = iphoneos;
				SWIFT_EMIT_LOC_STRINGS = YES;
				SWIFT_VERSION = 5.0;
				TARGETED_DEVICE_FAMILY = "1,2";
			};
			name = Debug;
		};
		A7B4CFEB27ABF18700B15D20 /* Release */ = {
			isa = XCBuildConfiguration;
			buildSettings = {
				ASSETCATALOG_COMPILER_APPICON_NAME = AppIcon;
				ASSETCATALOG_COMPILER_GLOBAL_ACCENT_COLOR_NAME = AccentColor;
				CODE_SIGN_STYLE = Automatic;
				CURRENT_PROJECT_VERSION = 1;
				DEVELOPMENT_TEAM = AWJ83G3EPY;
				ENABLE_PREVIEWS = YES;
				GENERATE_INFOPLIST_FILE = YES;
				INFOPLIST_KEY_UIApplicationSceneManifest_Generation = YES;
				INFOPLIST_KEY_UIApplicationSupportsIndirectInputEvents = YES;
				INFOPLIST_KEY_UILaunchScreen_Generation = YES;
				INFOPLIST_KEY_UISupportedInterfaceOrientations_iPad = "UIInterfaceOrientationPortrait UIInterfaceOrientationPortraitUpsideDown UIInterfaceOrientationLandscapeLeft UIInterfaceOrientationLandscapeRight";
				INFOPLIST_KEY_UISupportedInterfaceOrientations_iPhone = "UIInterfaceOrientationPortrait UIInterfaceOrientationLandscapeLeft UIInterfaceOrientationLandscapeRight";
				IPHONEOS_DEPLOYMENT_TARGET = 15.2;
				LD_RUNPATH_SEARCH_PATHS = (
					"$(inherited)",
					"@executable_path/Frameworks",
				);
				MARKETING_VERSION = 1.0;
				PRODUCT_BUNDLE_IDENTIFIER = "de.oliver-epper.BewerberAufgabe";
				PRODUCT_NAME = BewerberAufgabe;
				SDKROOT = iphoneos;
				SWIFT_EMIT_LOC_STRINGS = YES;
				SWIFT_VERSION = 5.0;
				TARGETED_DEVICE_FAMILY = "1,2";
				VALIDATE_PRODUCT = YES;
			};
			name = Release;
		};
		A7B4CFED27ABF18700B15D20 /* Debug */ = {
			isa = XCBuildConfiguration;
			buildSettings = {
				ASSETCATALOG_COMPILER_APPICON_NAME = AppIcon;
				ASSETCATALOG_COMPILER_GLOBAL_ACCENT_COLOR_NAME = AccentColor;
				CODE_SIGN_ENTITLEMENTS = macOS/macOS.entitlements;
				CODE_SIGN_STYLE = Automatic;
				COMBINE_HIDPI_IMAGES = YES;
				CURRENT_PROJECT_VERSION = 1;
				DEVELOPMENT_TEAM = AWJ83G3EPY;
				ENABLE_HARDENED_RUNTIME = YES;
				ENABLE_PREVIEWS = YES;
				GENERATE_INFOPLIST_FILE = YES;
				INFOPLIST_KEY_NSHumanReadableCopyright = "";
				LD_RUNPATH_SEARCH_PATHS = (
					"$(inherited)",
					"@executable_path/../Frameworks",
				);
				MACOSX_DEPLOYMENT_TARGET = 12.1;
				MARKETING_VERSION = 1.0;
				PRODUCT_BUNDLE_IDENTIFIER = "de.oliver-epper.BewerberAufgabe";
				PRODUCT_NAME = BewerberAufgabe;
				SDKROOT = macosx;
				SWIFT_EMIT_LOC_STRINGS = YES;
				SWIFT_VERSION = 5.0;
			};
			name = Debug;
		};
		A7B4CFEE27ABF18700B15D20 /* Release */ = {
			isa = XCBuildConfiguration;
			buildSettings = {
				ASSETCATALOG_COMPILER_APPICON_NAME = AppIcon;
				ASSETCATALOG_COMPILER_GLOBAL_ACCENT_COLOR_NAME = AccentColor;
				CODE_SIGN_ENTITLEMENTS = macOS/macOS.entitlements;
				CODE_SIGN_STYLE = Automatic;
				COMBINE_HIDPI_IMAGES = YES;
				CURRENT_PROJECT_VERSION = 1;
				DEVELOPMENT_TEAM = AWJ83G3EPY;
				ENABLE_HARDENED_RUNTIME = YES;
				ENABLE_PREVIEWS = YES;
				GENERATE_INFOPLIST_FILE = YES;
				INFOPLIST_KEY_NSHumanReadableCopyright = "";
				LD_RUNPATH_SEARCH_PATHS = (
					"$(inherited)",
					"@executable_path/../Frameworks",
				);
				MACOSX_DEPLOYMENT_TARGET = 12.1;
				MARKETING_VERSION = 1.0;
				PRODUCT_BUNDLE_IDENTIFIER = "de.oliver-epper.BewerberAufgabe";
				PRODUCT_NAME = BewerberAufgabe;
				SDKROOT = macosx;
				SWIFT_EMIT_LOC_STRINGS = YES;
				SWIFT_VERSION = 5.0;
			};
			name = Release;
		};
/* End XCBuildConfiguration section */

/* Begin XCConfigurationList section */
		A7B4CFCF27ABF18600B15D20 /* Build configuration list for PBXProject "BewerberAufgabe" */ = {
			isa = XCConfigurationList;
			buildConfigurations = (
				A7B4CFE727ABF18700B15D20 /* Debug */,
				A7B4CFE827ABF18700B15D20 /* Release */,
			);
			defaultConfigurationIsVisible = 0;
			defaultConfigurationName = Release;
		};
		A7B4CFE927ABF18700B15D20 /* Build configuration list for PBXNativeTarget "BewerberAufgabe (iOS)" */ = {
			isa = XCConfigurationList;
			buildConfigurations = (
				A7B4CFEA27ABF18700B15D20 /* Debug */,
				A7B4CFEB27ABF18700B15D20 /* Release */,
			);
			defaultConfigurationIsVisible = 0;
			defaultConfigurationName = Release;
		};
		A7B4CFEC27ABF18700B15D20 /* Build configuration list for PBXNativeTarget "BewerberAufgabe (macOS)" */ = {
			isa = XCConfigurationList;
			buildConfigurations = (
				A7B4CFED27ABF18700B15D20 /* Debug */,
				A7B4CFEE27ABF18700B15D20 /* Release */,
			);
			defaultConfigurationIsVisible = 0;
			defaultConfigurationName = Release;
		};
/* End XCConfigurationList section */
	};
	rootObject = A7B4CFCC27ABF18600B15D20 /* Project object */;
}
